# THIS IS AN AUTOGENERATED FILE. DO NOT EDIT THIS FILE DIRECTLY.
# yarn lockfile v1


"@cambrianone/commons@^1.1.2":
  version "1.1.2"
  resolved "https://registry.yarnpkg.com/@cambrianone/commons/-/commons-1.1.2.tgz#1ee3a5259285ebba4360572a3470e07ea187428b"
  integrity sha512-VxWEC+rvQ/3/uirpWh2gWp6JD7gElspaOFOWasxhrPJdasxGqUz9J/HSjlx0EsVxyOdDVyC4AlAsUXRCOyFUdQ==

"@cspotcode/source-map-support@^0.8.0":
  version "0.8.1"
  resolved "https://registry.yarnpkg.com/@cspotcode/source-map-support/-/source-map-support-0.8.1.tgz#00629c35a688e05a88b1cda684fb9d5e73f000a1"
  integrity sha512-IchNf6dN4tHoMFIn/7OE8LWZ19Y6q/67Bmf6vnGREv8RSbBVb9LPJxEcnwrcwX6ixSvaiGoomAUvu4YSxXrVgw==
  dependencies:
    "@jridgewell/trace-mapping" "0.3.9"

"@jridgewell/resolve-uri@^3.0.3":
  version "3.1.2"
  resolved "https://registry.yarnpkg.com/@jridgewell/resolve-uri/-/resolve-uri-3.1.2.tgz#7a0ee601f60f99a20c7c7c5ff0c80388c1189bd6"
  integrity sha512-bRISgCIjP20/tbWSPWMEi54QVPRZExkuD9lJL+UIxUKtwVJA8wW1Trb1jMs1RFXo1CBTNZ/5hpC9QvmKWdopKw==

"@jridgewell/sourcemap-codec@^1.4.10":
  version "1.5.0"
  resolved "https://registry.yarnpkg.com/@jridgewell/sourcemap-codec/-/sourcemap-codec-1.5.0.tgz#3188bcb273a414b0d215fd22a58540b989b9409a"
  integrity sha512-gv3ZRaISU3fjPAgNsriBRqGWQL6quFx04YMPW/zD8XMLsU32mhCCbfbO6KZFLjvYpCZ8zyDEgqsgf+PwPaM7GQ==

"@jridgewell/trace-mapping@0.3.9":
  version "0.3.9"
  resolved "https://registry.yarnpkg.com/@jridgewell/trace-mapping/-/trace-mapping-0.3.9.tgz#6534fd5933a53ba7cbf3a17615e273a0d1273ff9"
  integrity sha512-3Belt6tdc8bPgAtbcmdtNJlirVoTmEb5e2gC94PnkwEW9jI6CAHUeoG85tjWP5WquqfavoMtMwiG4P926ZKKuQ==
  dependencies:
    "@jridgewell/resolve-uri" "^3.0.3"
    "@jridgewell/sourcemap-codec" "^1.4.10"

"@solana-program/system@^0.6.2":
  version "0.6.2"
  resolved "https://registry.yarnpkg.com/@solana-program/system/-/system-0.6.2.tgz#7b5d5097a03cb544da9e7df49fe7519594cdd294"
  integrity sha512-q0ZnylK+LISjuP2jH5GWV9IJPtpzQctj5KQwij9XCDRSGkcFr2fpqptNnVupTLQiNL6Q4c1OZuG8WBmyFXVXZw==

"@solana/accounts@2.0.0":
  version "2.0.0"
  resolved "https://registry.yarnpkg.com/@solana/accounts/-/accounts-2.0.0.tgz#4d5806079a69d1a15bc85eb4072913cf848ae8f7"
  integrity sha512-1CE4P3QSDH5x+ZtSthMY2mn/ekROBnlT3/4f3CHDJicDvLQsgAq2yCvGHsYkK3ZA0mxhFLuhJVjuKASPnmG1rQ==
  dependencies:
    "@solana/addresses" "2.0.0"
    "@solana/codecs-core" "2.0.0"
    "@solana/codecs-strings" "2.0.0"
    "@solana/errors" "2.0.0"
    "@solana/rpc-spec" "2.0.0"
    "@solana/rpc-types" "2.0.0"

"@solana/addresses@2.0.0":
  version "2.0.0"
  resolved "https://registry.yarnpkg.com/@solana/addresses/-/addresses-2.0.0.tgz#d1b01a38e0b48d7e4fea223821655a0c2b903c28"
  integrity sha512-8n3c/mUlH1/z+pM8e7OJ6uDSXw26Be0dgYiokiqblO66DGQ0d+7pqFUFZ5pEGjJ9PU2lDTSfY8rHf4cemOqwzQ==
  dependencies:
    "@solana/assertions" "2.0.0"
    "@solana/codecs-core" "2.0.0"
    "@solana/codecs-strings" "2.0.0"
    "@solana/errors" "2.0.0"

"@solana/assertions@2.0.0":
  version "2.0.0"
  resolved "https://registry.yarnpkg.com/@solana/assertions/-/assertions-2.0.0.tgz#b02fc874a890f252c4595a0e35deeb1719d5f02b"
  integrity sha512-NyPPqZRNGXs/GAjfgsw7YS6vCTXWt4ibXveS+ciy5sdmp/0v3pA6DlzYjleF9Sljrew0IiON15rjaXamhDxYfQ==
  dependencies:
    "@solana/errors" "2.0.0"

"@solana/codecs-core@2.0.0":
  version "2.0.0"
  resolved "https://registry.yarnpkg.com/@solana/codecs-core/-/codecs-core-2.0.0.tgz#31d4a6acce9ac49f786939c4e564adf9a68c56ef"
  integrity sha512-qCG+3hDU5Pm8V6joJjR4j4Zv9md1z0RaecniNDIkEglnxmOUODnmPLWbtOjnDylfItyuZeDihK8hkewdj8cUtw==
  dependencies:
    "@solana/errors" "2.0.0"

"@solana/codecs-data-structures@2.0.0":
  version "2.0.0"
  resolved "https://registry.yarnpkg.com/@solana/codecs-data-structures/-/codecs-data-structures-2.0.0.tgz#0a06b8646634dcf44a7b1d968fe8d9218c3cb745"
  integrity sha512-N98Y4jsrC/XeOgqrfsGqcOFIaOoMsKdAxOmy5oqVaEN67YoGSLNC9ROnqamOAOrsZdicTWx9/YLKFmQi9DPh1A==
  dependencies:
    "@solana/codecs-core" "2.0.0"
    "@solana/codecs-numbers" "2.0.0"
    "@solana/errors" "2.0.0"

"@solana/codecs-numbers@2.0.0":
  version "2.0.0"
  resolved "https://registry.yarnpkg.com/@solana/codecs-numbers/-/codecs-numbers-2.0.0.tgz#c08250968fa1cbfab076367b650269271061c646"
  integrity sha512-r66i7VzJO1MZkQWZIAI6jjJOFVpnq0+FIabo2Z2ZDtrArFus/SbSEv543yCLeD2tdR/G/p+1+P5On10qF50Y1Q==
  dependencies:
    "@solana/codecs-core" "2.0.0"
    "@solana/errors" "2.0.0"

"@solana/codecs-strings@2.0.0":
  version "2.0.0"
  resolved "https://registry.yarnpkg.com/@solana/codecs-strings/-/codecs-strings-2.0.0.tgz#46e728adee9a4737c3ee811af452948aab31cbd4"
  integrity sha512-dNqeCypsvaHcjW86H0gYgAZGGkKVBeKVeh7WXlOZ9kno7PeQ2wNkpccyzDfuzaIsKv+HZUD3v/eo86GCvnKazQ==
  dependencies:
    "@solana/codecs-core" "2.0.0"
    "@solana/codecs-numbers" "2.0.0"
    "@solana/errors" "2.0.0"

"@solana/codecs@2.0.0":
  version "2.0.0"
  resolved "https://registry.yarnpkg.com/@solana/codecs/-/codecs-2.0.0.tgz#2a3f272932eebad5b8592e6263b068c7d0761e7f"
  integrity sha512-xneIG5ppE6WIGaZCK7JTys0uLhzlnEJUdBO8nRVIyerwH6aqCfb0fGe7q5WNNYAVDRSxC0Pc1TDe1hpdx3KWmQ==
  dependencies:
    "@solana/codecs-core" "2.0.0"
    "@solana/codecs-data-structures" "2.0.0"
    "@solana/codecs-numbers" "2.0.0"
    "@solana/codecs-strings" "2.0.0"
    "@solana/options" "2.0.0"

"@solana/errors@2.0.0":
  version "2.0.0"
  resolved "https://registry.yarnpkg.com/@solana/errors/-/errors-2.0.0.tgz#31c87baaf4b19aaa2a1d8bbc4dfa6efd449d7bbe"
  integrity sha512-IHlaPFSy4lvYco1oHJ3X8DbchWwAwJaL/4wZKnF1ugwZ0g0re8wbABrqNOe/jyZ84VU9Z14PYM8W9oDAebdJbw==
  dependencies:
    chalk "^5.3.0"
    commander "^12.1.0"

"@solana/fast-stable-stringify@2.0.0":
  version "2.0.0"
  resolved "https://registry.yarnpkg.com/@solana/fast-stable-stringify/-/fast-stable-stringify-2.0.0.tgz#ac06b304ee3e050c171bcbe885e91772e22e06fb"
  integrity sha512-EsIx9z+eoxOmC+FpzhEb+H67CCYTbs/omAqXD4EdEYnCHWrI1li1oYBV+NoKzfx8fKlX+nzNB7S/9kc4u7Etpw==

"@solana/functional@2.0.0":
  version "2.0.0"
  resolved "https://registry.yarnpkg.com/@solana/functional/-/functional-2.0.0.tgz#6e2468cc2ec334ee3c39609130520b3a5c8f9bc0"
  integrity sha512-Sj+sLiUTimnMEyGnSLGt0lbih2xPDUhxhonnrIkPwA+hjQ3ULGHAxeevHU06nqiVEgENQYUJ5rCtHs4xhUFAkQ==

"@solana/instructions@2.0.0":
  version "2.0.0"
  resolved "https://registry.yarnpkg.com/@solana/instructions/-/instructions-2.0.0.tgz#4062a2211b376dc2a9cc5a25ad50f1de0ea44e5b"
  integrity sha512-MiTEiNF7Pzp+Y+x4yadl2VUcNHboaW5WP52psBuhHns3GpbbruRv5efMpM9OEQNe1OsN+Eg39vjEidX55+P+DQ==
  dependencies:
    "@solana/errors" "2.0.0"

"@solana/keys@2.0.0":
  version "2.0.0"
  resolved "https://registry.yarnpkg.com/@solana/keys/-/keys-2.0.0.tgz#b4b31815265a003b8840028979e83e1b723ee02c"
  integrity sha512-SSLSX8BXRvfLKBqsmBghmlhMKpwHeWd5CHi5zXgTS1BRrtiU6lcrTVC9ie6B+WaNNq7oe3e6K5bdbhu3fFZ+0g==
  dependencies:
    "@solana/assertions" "2.0.0"
    "@solana/codecs-core" "2.0.0"
    "@solana/codecs-strings" "2.0.0"
    "@solana/errors" "2.0.0"

"@solana/options@2.0.0":
  version "2.0.0"
  resolved "https://registry.yarnpkg.com/@solana/options/-/options-2.0.0.tgz#0dbbecd8511c1e600cad8615a836c6e06c3191d5"
  integrity sha512-OVc4KnYosB8oAukQ/htgrxXSxlUP6gUu5Aau6d/BgEkPQzWd/Pr+w91VWw3i3zZuu2SGpedbyh05RoJBe/hSXA==
  dependencies:
    "@solana/codecs-core" "2.0.0"
    "@solana/codecs-data-structures" "2.0.0"
    "@solana/codecs-numbers" "2.0.0"
    "@solana/codecs-strings" "2.0.0"
    "@solana/errors" "2.0.0"

"@solana/programs@2.0.0":
  version "2.0.0"
  resolved "https://registry.yarnpkg.com/@solana/programs/-/programs-2.0.0.tgz#1c0fa1c98a8cf6fab3ac722fe768e110057eeaf9"
  integrity sha512-JPIKB61pWfODnsvEAaPALc6vR5rn7kmHLpFaviWhBtfUlEVgB8yVTR0MURe4+z+fJCPRV5wWss+svA4EeGDYzQ==
  dependencies:
    "@solana/addresses" "2.0.0"
    "@solana/errors" "2.0.0"

"@solana/promises@2.0.0":
  version "2.0.0"
  resolved "https://registry.yarnpkg.com/@solana/promises/-/promises-2.0.0.tgz#81c8ee7c706ea4c46892022666da51bb9da921ef"
  integrity sha512-4teQ52HDjK16ORrZe1zl+Q9WcZdQ+YEl0M1gk59XG7D0P9WqaVEQzeXGnKSCs+Y9bnB1u5xCJccwpUhHYWq6gg==

"@solana/rpc-api@2.0.0":
  version "2.0.0"
  resolved "https://registry.yarnpkg.com/@solana/rpc-api/-/rpc-api-2.0.0.tgz#84ab27beb3ec7416bc1aa263281a582060953450"
  integrity sha512-1FwitYxwADMF/6zKP2kNXg8ESxB6GhNBNW1c4f5dEmuXuBbeD/enLV3WMrpg8zJkIaaYarEFNbt7R7HyFzmURQ==
  dependencies:
    "@solana/addresses" "2.0.0"
    "@solana/codecs-core" "2.0.0"
    "@solana/codecs-strings" "2.0.0"
    "@solana/errors" "2.0.0"
    "@solana/keys" "2.0.0"
    "@solana/rpc-parsed-types" "2.0.0"
    "@solana/rpc-spec" "2.0.0"
    "@solana/rpc-transformers" "2.0.0"
    "@solana/rpc-types" "2.0.0"
    "@solana/transaction-messages" "2.0.0"
    "@solana/transactions" "2.0.0"

"@solana/rpc-parsed-types@2.0.0":
  version "2.0.0"
  resolved "https://registry.yarnpkg.com/@solana/rpc-parsed-types/-/rpc-parsed-types-2.0.0.tgz#b83840981ce816142681d4f091a314300d4b10ab"
  integrity sha512-VCeY/oKVEtBnp8EDOc5LSSiOeIOLFIgLndcxqU0ij/cZaQ01DOoHbhluvhZtU80Z3dUeicec8TiMgkFzed+WhQ==

"@solana/rpc-spec-types@2.0.0":
  version "2.0.0"
  resolved "https://registry.yarnpkg.com/@solana/rpc-spec-types/-/rpc-spec-types-2.0.0.tgz#49e46188f77aeeda0cf6f0e40117e2ba4a35cc14"
  integrity sha512-G2lmhFhgtxMQd/D6B04BHGE7bm5dMZdIPQNOqVGhzNAVjrmyapD3JN2hKAbmaYPe97wLfZERw0Ux1u4Y6q7TqA==

"@solana/rpc-spec@2.0.0":
  version "2.0.0"
  resolved "https://registry.yarnpkg.com/@solana/rpc-spec/-/rpc-spec-2.0.0.tgz#d0cbacd1c1dcb1a98d240488afd1e63878e7b17b"
  integrity sha512-1uIDzj7vocCUqfOifjv1zAuxQ53ugiup/42edVFoQLOnJresoEZLL6WjnsJq4oCTccEAvGhUBI1WWKeZTGNxFQ==
  dependencies:
    "@solana/errors" "2.0.0"
    "@solana/rpc-spec-types" "2.0.0"

"@solana/rpc-subscriptions-api@2.0.0":
  version "2.0.0"
  resolved "https://registry.yarnpkg.com/@solana/rpc-subscriptions-api/-/rpc-subscriptions-api-2.0.0.tgz#bd2e8ce566e9bf530d678ea4733472e1da5890af"
  integrity sha512-NAJQvSFXYIIf8zxsMFBCkSbZNZgT32pzPZ1V6ZAd+U2iDEjx3L+yFwoJgfOcHp8kAV+alsF2lIsGBlG4u+ehvw==
  dependencies:
    "@solana/addresses" "2.0.0"
    "@solana/keys" "2.0.0"
    "@solana/rpc-subscriptions-spec" "2.0.0"
    "@solana/rpc-transformers" "2.0.0"
    "@solana/rpc-types" "2.0.0"
    "@solana/transaction-messages" "2.0.0"
    "@solana/transactions" "2.0.0"

"@solana/rpc-subscriptions-channel-websocket@2.0.0":
  version "2.0.0"
  resolved "https://registry.yarnpkg.com/@solana/rpc-subscriptions-channel-websocket/-/rpc-subscriptions-channel-websocket-2.0.0.tgz#7bff107b03cafe7ead1cf3801d9ed8078a01217c"
  integrity sha512-hSQDZBmcp2t+gLZsSBqs/SqVw4RuNSC7njiP46azyzW7oGg8X2YPV36AHGsHD12KPsc0UpT1OAZ4+AN9meVKww==
  dependencies:
    "@solana/errors" "2.0.0"
    "@solana/functional" "2.0.0"
    "@solana/rpc-subscriptions-spec" "2.0.0"
    "@solana/subscribable" "2.0.0"

"@solana/rpc-subscriptions-spec@2.0.0":
  version "2.0.0"
  resolved "https://registry.yarnpkg.com/@solana/rpc-subscriptions-spec/-/rpc-subscriptions-spec-2.0.0.tgz#b476b449d917134476001c22c54fbeb69bfae4cb"
  integrity sha512-VXMiI3fYtU1PkVVTXL87pcY48ZY8aCi1N6FqtxSP2xg/GASL01j1qbwyIL1OvoCqGyRgIxdd/YfaByW9wmWBhA==
  dependencies:
    "@solana/errors" "2.0.0"
    "@solana/promises" "2.0.0"
    "@solana/rpc-spec-types" "2.0.0"
    "@solana/subscribable" "2.0.0"

"@solana/rpc-subscriptions@2.0.0":
  version "2.0.0"
  resolved "https://registry.yarnpkg.com/@solana/rpc-subscriptions/-/rpc-subscriptions-2.0.0.tgz#c512b261a428f550510fe855bb751c0638547d4f"
  integrity sha512-AdwMJHMrhlj7q1MPjZmVcKq3iLqMW3N0MT8kzIAP2vP+8o/d6Fn4aqGxoz2Hlfn3OYIZoYStN2VBtwzbcfEgMA==
  dependencies:
    "@solana/errors" "2.0.0"
    "@solana/fast-stable-stringify" "2.0.0"
    "@solana/functional" "2.0.0"
    "@solana/promises" "2.0.0"
    "@solana/rpc-spec-types" "2.0.0"
    "@solana/rpc-subscriptions-api" "2.0.0"
    "@solana/rpc-subscriptions-channel-websocket" "2.0.0"
    "@solana/rpc-subscriptions-spec" "2.0.0"
    "@solana/rpc-transformers" "2.0.0"
    "@solana/rpc-types" "2.0.0"
    "@solana/subscribable" "2.0.0"

"@solana/rpc-transformers@2.0.0":
  version "2.0.0"
  resolved "https://registry.yarnpkg.com/@solana/rpc-transformers/-/rpc-transformers-2.0.0.tgz#592f7a2cc18378bf29248d059d1142897edf497f"
  integrity sha512-H6tN0qcqzUangowsLLQtYXKJsf1Roe3/qJ1Cy0gv9ojY9uEvNbJqpeEj+7blv0MUZfEe+rECAwBhxxRKPMhYGw==
  dependencies:
    "@solana/errors" "2.0.0"
    "@solana/functional" "2.0.0"
    "@solana/rpc-spec-types" "2.0.0"
    "@solana/rpc-types" "2.0.0"

"@solana/rpc-transport-http@2.0.0":
  version "2.0.0"
  resolved "https://registry.yarnpkg.com/@solana/rpc-transport-http/-/rpc-transport-http-2.0.0.tgz#87aecad790dfefe723262778b3c3be73d9a35426"
  integrity sha512-UJLhKhhxDd1OPi8hb2AenHsDm1mofCBbhWn4bDCnH2Q3ulwYadUhcNqNbxjJPQ774VNhAf53SSI5A6PQo8IZSQ==
  dependencies:
    "@solana/errors" "2.0.0"
    "@solana/rpc-spec" "2.0.0"
    "@solana/rpc-spec-types" "2.0.0"
    undici-types "^6.20.0"

"@solana/rpc-types@2.0.0":
  version "2.0.0"
  resolved "https://registry.yarnpkg.com/@solana/rpc-types/-/rpc-types-2.0.0.tgz#332989671606914f9ab0d196cb94e83f626bef34"
  integrity sha512-o1ApB9PYR0A3XjVSOh//SOVWgjDcqMlR3UNmtqciuREIBmWqnvPirdOa5EJxD3iPhfA4gnNnhGzT+tMDeDW/Kw==
  dependencies:
    "@solana/addresses" "2.0.0"
    "@solana/codecs-core" "2.0.0"
    "@solana/codecs-numbers" "2.0.0"
    "@solana/codecs-strings" "2.0.0"
    "@solana/errors" "2.0.0"

"@solana/rpc@2.0.0":
  version "2.0.0"
  resolved "https://registry.yarnpkg.com/@solana/rpc/-/rpc-2.0.0.tgz#afc43a9be80f9c9b254da30bb31c2b3f34025c66"
  integrity sha512-TumQ9DFRpib/RyaIqLVfr7UjqSo7ldfzpae0tgjM93YjbItB4Z0VcUXc3uAFvkeYw2/HIMb46Zg43mkUwozjDg==
  dependencies:
    "@solana/errors" "2.0.0"
    "@solana/fast-stable-stringify" "2.0.0"
    "@solana/functional" "2.0.0"
    "@solana/rpc-api" "2.0.0"
    "@solana/rpc-spec" "2.0.0"
    "@solana/rpc-spec-types" "2.0.0"
    "@solana/rpc-transformers" "2.0.0"
    "@solana/rpc-transport-http" "2.0.0"
    "@solana/rpc-types" "2.0.0"

"@solana/signers@2.0.0":
  version "2.0.0"
  resolved "https://registry.yarnpkg.com/@solana/signers/-/signers-2.0.0.tgz#896f5e0fc17ea8e47042cfcb1c24b225cb8def3d"
  integrity sha512-JEYJS3x/iKkqPV/3b1nLpX9lHib21wQKV3fOuu1aDLQqmX9OYKrnIIITYdnFDhmvGhpEpkkbPnqu7yVaFIBYsQ==
  dependencies:
    "@solana/addresses" "2.0.0"
    "@solana/codecs-core" "2.0.0"
    "@solana/errors" "2.0.0"
    "@solana/instructions" "2.0.0"
    "@solana/keys" "2.0.0"
    "@solana/transaction-messages" "2.0.0"
    "@solana/transactions" "2.0.0"

"@solana/subscribable@2.0.0":
  version "2.0.0"
  resolved "https://registry.yarnpkg.com/@solana/subscribable/-/subscribable-2.0.0.tgz#6476bf253395c077f9fdbd4a9b83011734a86b06"
  integrity sha512-Ex7d2GnTSNVMZDU3z6nKN4agRDDgCgBDiLnmn1hmt0iFo3alr3gRAqiqa7qGouAtYh9/29pyc8tVJCijHWJPQQ==
  dependencies:
    "@solana/errors" "2.0.0"

"@solana/sysvars@2.0.0":
  version "2.0.0"
  resolved "https://registry.yarnpkg.com/@solana/sysvars/-/sysvars-2.0.0.tgz#60f1e3b918bfdd34420f1ca2d6458cc2538d16b7"
  integrity sha512-8D4ajKcCYQsTG1p4k30lre2vjxLR6S5MftUGJnIaQObDCzGmaeA9GRti4Kk4gSPWVYFTBoj1ASx8EcEXaB3eIQ==
  dependencies:
    "@solana/accounts" "2.0.0"
    "@solana/codecs" "2.0.0"
    "@solana/errors" "2.0.0"
    "@solana/rpc-types" "2.0.0"

"@solana/transaction-confirmation@2.0.0":
  version "2.0.0"
  resolved "https://registry.yarnpkg.com/@solana/transaction-confirmation/-/transaction-confirmation-2.0.0.tgz#53385e31f94ab6b1f35c25576cb478f383476c81"
  integrity sha512-JkTw5gXLiqQjf6xK0fpVcoJ/aMp2kagtFSD/BAOazdJ3UYzOzbzqvECt6uWa3ConcMswQ2vXalVtI7ZjmYuIeg==
  dependencies:
    "@solana/addresses" "2.0.0"
    "@solana/codecs-strings" "2.0.0"
    "@solana/errors" "2.0.0"
    "@solana/keys" "2.0.0"
    "@solana/promises" "2.0.0"
    "@solana/rpc" "2.0.0"
    "@solana/rpc-subscriptions" "2.0.0"
    "@solana/rpc-types" "2.0.0"
    "@solana/transaction-messages" "2.0.0"
    "@solana/transactions" "2.0.0"

"@solana/transaction-messages@2.0.0":
  version "2.0.0"
  resolved "https://registry.yarnpkg.com/@solana/transaction-messages/-/transaction-messages-2.0.0.tgz#ad362eb7f4a14efab31e5dfaa65f24959030d8f8"
  integrity sha512-Uc6Fw1EJLBrmgS1lH2ZfLAAKFvprWPQQzOVwZS78Pv8Whsk7tweYTK6S0Upv0nHr50rGpnORJfmdBrXE6OfNGg==
  dependencies:
    "@solana/addresses" "2.0.0"
    "@solana/codecs-core" "2.0.0"
    "@solana/codecs-data-structures" "2.0.0"
    "@solana/codecs-numbers" "2.0.0"
    "@solana/errors" "2.0.0"
    "@solana/functional" "2.0.0"
    "@solana/instructions" "2.0.0"
    "@solana/rpc-types" "2.0.0"

"@solana/transactions@2.0.0":
  version "2.0.0"
  resolved "https://registry.yarnpkg.com/@solana/transactions/-/transactions-2.0.0.tgz#c27cb998e2c701fc49bda2cc5ca896e6067840dc"
  integrity sha512-VfdTE+59WKvuBG//6iE9RPjAB+ZT2kLgY2CDHabaz6RkH6OjOkMez9fWPVa3Xtcus+YQWN1SnQoryjF/xSx04w==
  dependencies:
    "@solana/addresses" "2.0.0"
    "@solana/codecs-core" "2.0.0"
    "@solana/codecs-data-structures" "2.0.0"
    "@solana/codecs-numbers" "2.0.0"
    "@solana/codecs-strings" "2.0.0"
    "@solana/errors" "2.0.0"
    "@solana/functional" "2.0.0"
    "@solana/instructions" "2.0.0"
    "@solana/keys" "2.0.0"
    "@solana/rpc-types" "2.0.0"
    "@solana/transaction-messages" "2.0.0"

"@solana/web3.js@^2.0.0":
  version "2.0.0"
  resolved "https://registry.yarnpkg.com/@solana/web3.js/-/web3.js-2.0.0.tgz#192918343982e1964269b3adb2567532c1e12c89"
  integrity sha512-x+ZRB2/r5tVK/xw8QRbAfgPcX51G9f2ifEyAQ/J5npOO+6+MPeeCjtr5UxHNDAYs9Ypo0PN+YJATCO4vhzQJGg==
  dependencies:
    "@solana/accounts" "2.0.0"
    "@solana/addresses" "2.0.0"
    "@solana/codecs" "2.0.0"
    "@solana/errors" "2.0.0"
    "@solana/functional" "2.0.0"
    "@solana/instructions" "2.0.0"
    "@solana/keys" "2.0.0"
    "@solana/programs" "2.0.0"
    "@solana/rpc" "2.0.0"
    "@solana/rpc-parsed-types" "2.0.0"
    "@solana/rpc-spec-types" "2.0.0"
    "@solana/rpc-subscriptions" "2.0.0"
    "@solana/rpc-types" "2.0.0"
    "@solana/signers" "2.0.0"
    "@solana/sysvars" "2.0.0"
    "@solana/transaction-confirmation" "2.0.0"
    "@solana/transaction-messages" "2.0.0"
    "@solana/transactions" "2.0.0"

"@tsconfig/node10@^1.0.7":
  version "1.0.11"
  resolved "https://registry.yarnpkg.com/@tsconfig/node10/-/node10-1.0.11.tgz#6ee46400685f130e278128c7b38b7e031ff5b2f2"
  integrity sha512-DcRjDCujK/kCk/cUe8Xz8ZSpm8mS3mNNpta+jGCA6USEDfktlNvm1+IuZ9eTcDbNk41BHwpHHeW+N1lKCz4zOw==

"@tsconfig/node12@^1.0.7":
  version "1.0.11"
  resolved "https://registry.yarnpkg.com/@tsconfig/node12/-/node12-1.0.11.tgz#ee3def1f27d9ed66dac6e46a295cffb0152e058d"
  integrity sha512-cqefuRsh12pWyGsIoBKJA9luFu3mRxCA+ORZvA4ktLSzIuCUtWVxGIuXigEwO5/ywWFMZ2QEGKWvkZG1zDMTag==

"@tsconfig/node14@^1.0.0":
  version "1.0.3"
  resolved "https://registry.yarnpkg.com/@tsconfig/node14/-/node14-1.0.3.tgz#e4386316284f00b98435bf40f72f75a09dabf6c1"
  integrity sha512-ysT8mhdixWK6Hw3i1V2AeRqZ5WfXg1G43mqoYlM2nc6388Fq5jcXyr5mRsqViLx/GJYdoL0bfXD8nmF+Zn/Iow==

"@tsconfig/node16@^1.0.2":
  version "1.0.4"
  resolved "https://registry.yarnpkg.com/@tsconfig/node16/-/node16-1.0.4.tgz#0b92dcc0cc1c81f6f306a381f28e31b1a56536e9"
  integrity sha512-vxhUy4J8lyeyinH7Azl1pdd43GJhZH/tP2weN8TntQblOY+A0XbT8DJk1/oCPuOOyg/Ja757rG0CgHcWC8OfMA==

"@types/node@^22.13.2":
  version "22.13.2"
  resolved "https://registry.yarnpkg.com/@types/node/-/node-22.13.2.tgz#6f401c5ccadac75354f5652128e9fcc3b0cf23b7"
  integrity sha512-Z+r8y3XL9ZpI2EY52YYygAFmo2/oWfNSj4BCpAXE2McAexDk8VcnBMGC9Djn9gTKt4d2T/hhXqmPzo4hfIXtTg==
  dependencies:
    undici-types "~6.20.0"

acorn-walk@^8.1.1:
  version "8.3.4"
  resolved "https://registry.yarnpkg.com/acorn-walk/-/acorn-walk-8.3.4.tgz#794dd169c3977edf4ba4ea47583587c5866236b7"
  integrity sha512-ueEepnujpqee2o5aIYnvHU6C0A42MNdsIDeqy5BydrkuC5R1ZuUFnm27EeFJGoEHJQgn3uleRvmTXaJgfXbt4g==
  dependencies:
    acorn "^8.11.0"

acorn@^8.11.0, acorn@^8.4.1:
  version "8.14.0"
  resolved "https://registry.yarnpkg.com/acorn/-/acorn-8.14.0.tgz#063e2c70cac5fb4f6467f0b11152e04c682795b0"
  integrity sha512-cl669nCJTZBsL97OF4kUQm5g5hC2uihk0NxY3WENAC0TYdILVkAyHymAntgxGkl7K+t0cXIrH5siy5S4XkFycA==

arg@^4.1.0:
  version "4.1.3"
  resolved "https://registry.yarnpkg.com/arg/-/arg-4.1.3.tgz#269fc7ad5b8e42cb63c896d5666017261c144089"
  integrity sha512-58S9QDqG0Xx27YwPSt9fJxivjYl432YCwfDMfZ+71RAqUrZef7LrKQZ3LHLOwCS4FLNBplP533Zx895SeOCHvA==

chalk@^5.3.0:
  version "5.4.1"
  resolved "https://registry.yarnpkg.com/chalk/-/chalk-5.4.1.tgz#1b48bf0963ec158dce2aacf69c093ae2dd2092d8"
  integrity sha512-zgVZuo2WcZgfUEmsn6eO3kINexW8RAE4maiQ8QNs8CtpPCSyMiYsULR3HQYkm3w8FIA3SberyMJMSldGsW+U3w==

commander@^12.1.0:
  version "12.1.0"
  resolved "https://registry.yarnpkg.com/commander/-/commander-12.1.0.tgz#01423b36f501259fdaac4d0e4d60c96c991585d3"
  integrity sha512-Vw8qHK3bZM9y/P10u3Vib8o/DdkvA2OtPtZvD871QKjy74Wj1WSKFILMPRPSdUSx5RFK1arlJzEtA4PkFgnbuA==

create-require@^1.1.0:
  version "1.1.1"
  resolved "https://registry.yarnpkg.com/create-require/-/create-require-1.1.1.tgz#c1d7e8f1e5f6cfc9ff65f9cd352d37348756c333"
  integrity sha512-dcKFX3jn0MpIaXjisoRvexIJVEKzaq7z2rZKxf+MSr9TkdmHmsU4m2lcLojrj/FHl8mk5VxMmYA+ftRkP/3oKQ==

diff@^4.0.1:
  version "4.0.2"
  resolved "https://registry.yarnpkg.com/diff/-/diff-4.0.2.tgz#60f3aecb89d5fae520c11aa19efc2bb982aade7d"
  integrity sha512-58lmxKSA4BNyLz+HHMUzlOEpg09FV+ev6ZMe3vJihgdxzgcwZ8VoEEPmALCZG9LmqfVoNMMKpttIYTVG6uDY7A==

make-error@^1.1.1:
  version "1.3.6"
  resolved "https://registry.yarnpkg.com/make-error/-/make-error-1.3.6.tgz#2eb2e37ea9b67c4891f684a1394799af484cf7a2"
  integrity sha512-s8UhlNe7vPKomQhC1qFelMokr/Sc3AgNbso3n74mVPA5LTZwkB9NlXf4XPamLxJE8h0gh73rM94xvwRT2CVInw==

ts-node@^10.9.2:
  version "10.9.2"
  resolved "https://registry.yarnpkg.com/ts-node/-/ts-node-10.9.2.tgz#70f021c9e185bccdca820e26dc413805c101c71f"
  integrity sha512-f0FFpIdcHgn8zcPSbf1dRevwt047YMnaiJM3u2w2RewrB+fob/zePZcrOyQoLMMO7aBIddLcQIEK5dYjkLnGrQ==
  dependencies:
    "@cspotcode/source-map-support" "^0.8.0"
    "@tsconfig/node10" "^1.0.7"
    "@tsconfig/node12" "^1.0.7"
    "@tsconfig/node14" "^1.0.0"
    "@tsconfig/node16" "^1.0.2"
    acorn "^8.4.1"
    acorn-walk "^8.1.1"
    arg "^4.1.0"
    create-require "^1.1.0"
    diff "^4.0.1"
    make-error "^1.1.1"
    v8-compile-cache-lib "^3.0.1"
    yn "3.1.1"

typescript@^5.7.3:
  version "5.7.3"
  resolved "https://registry.yarnpkg.com/typescript/-/typescript-5.7.3.tgz#919b44a7dbb8583a9b856d162be24a54bf80073e"
  integrity sha512-84MVSjMEHP+FQRPy3pX9sTVV/INIex71s9TL2Gm5FG/WG1SqXeKyZ0k7/blY/4FdOzI12CBy1vGc4og/eus0fw==

undici-types@^6.20.0:
  version "6.21.0"
  resolved "https://registry.yarnpkg.com/undici-types/-/undici-types-6.21.0.tgz#691d00af3909be93a7faa13be61b3a5b50ef12cb"
  integrity sha512-iwDZqg0QAGrg9Rav5H4n0M64c3mkR59cJ6wQp+7C4nI0gsmExaedaYLNO44eT4AtBBwjbTiGPMlt2Md0T9H9JQ==

undici-types@~6.20.0:
  version "6.20.0"
  resolved "https://registry.yarnpkg.com/undici-types/-/undici-types-6.20.0.tgz#8171bf22c1f588d1554d55bf204bc624af388433"
  integrity sha512-Ny6QZ2Nju20vw1SRHe3d9jVu6gJ+4e3+MMpqu7pqE5HT6WsTSlce++GQmK5UXS8mzV8DSYHrQH+Xrf2jVcuKNg==

v8-compile-cache-lib@^3.0.1:
  version "3.0.1"
  resolved "https://registry.yarnpkg.com/v8-compile-cache-lib/-/v8-compile-cache-lib-3.0.1.tgz#6336e8d71965cb3d35a1bbb7868445a7c05264bf"
  integrity sha512-wa7YjyUGfNZngI/vtK0UHAN+lgDCxBPCylVXGp0zu59Fz5aiGtNXaq3DhIov063MorB+VfufLh3JlF2KdTK3xg==

ws@^8.18.0:
  version "8.18.0"
  resolved "https://registry.yarnpkg.com/ws/-/ws-8.18.0.tgz#0d7505a6eafe2b0e712d232b42279f53bc289bbc"
  integrity sha512-8VbfWfHLbbwu3+N6OKsOMpBdT4kXPDDB9cJk2bJ6mh9ucxdlnNvH1e+roYkKmN9Nxw2yjz7VzeO9oOz2zJ04Pw==

yn@3.1.1:
  version "3.1.1"
  resolved "https://registry.yarnpkg.com/yn/-/yn-3.1.1.tgz#1e87401a09d767c1d5eab26a6e4c185182d2eb50"
  integrity sha512-Ux4ygGWsu2c7isFWe8Yu1YluJmqVhxqK2cLXNQA5AcC3QfbGNpM7fu0Y8b/z16pXLnFxZYvWhd3fhBY9DLmC6Q==
