# @generated by Move, please check-in and do not edit manually.

[move]
version = 3
manifest_digest = "3B2D7656A817203AB17ECA5B8ED85D06452B5D84B616AAA7CF7851C322D5F064"
deps_digest = "F9B494B64F0615AED0E98FC12A85B85ECD2BC5185C22D30E7F67786BB52E507C"
dependencies = [
  { id = "Iota", name = "Iota" },
  { id = "IotaSystem", name = "IotaSystem" },
  { id = "MoveStdlib", name = "MoveStdlib" },
  { id = "Stardust", name = "Stardust" },
]

[[move.package]]
id = "Iota"
source = { git = "https://github.com/iotaledger/iota.git", rev = "e694e2ee8f2f9f0b9b03b843a24ff0f7bcff2930", subdir = "crates/iota-framework/packages/iota-framework" }

dependencies = [
  { id = "MoveStdlib", name = "MoveStdlib" },
]

[[move.package]]
id = "IotaSystem"
source = { git = "https://github.com/iotaledger/iota.git", rev = "e694e2ee8f2f9f0b9b03b843a24ff0f7bcff2930", subdir = "crates/iota-framework/packages/iota-system" }

dependencies = [
  { id = "Iota", name = "Iota" },
  { id = "MoveStdlib", name = "MoveStdlib" },
]

[[move.package]]
id = "MoveStdlib"
source = { git = "https://github.com/iotaledger/iota.git", rev = "e694e2ee8f2f9f0b9b03b843a24ff0f7bcff2930", subdir = "crates/iota-framework/packages/move-stdlib" }

[[move.package]]
id = "Stardust"
source = { git = "https://github.com/iotaledger/iota.git", rev = "e694e2ee8f2f9f0b9b03b843a24ff0f7bcff2930", subdir = "crates/iota-framework/packages/stardust" }

dependencies = [
  { id = "Iota", name = "Iota" },
  { id = "MoveStdlib", name = "MoveStdlib" },
]

[move.toolchain-version]
compiler-version = "1.16.2"
edition = "2024"
flavor = "iota"

[env]

[env.mainnet]
chain-id = "6364aad5"
original-published-id = "0xc871ca37099f0d2fa47b4e9ed0b0b18b8f03cf9ac3bd3da60f5b788e69265126"
latest-published-id = "0xc871ca37099f0d2fa47b4e9ed0b0b18b8f03cf9ac3bd3da60f5b788e69265126"
published-version = "1"
